
Microsoft Visual Studio Solution File, Format Version 12.00
# Visual Studio 15
VisualStudioVersion = 15.0.28307.1082
MinimumVisualStudioVersion = 10.0.40219.1
Project("{8BC9CEB8-8B4A-11D0-8D11-00A0C91BC942}") = "2048Logic", "2048Logic\2048Logic.vcxproj", "{E216AFC4-8B34-4819-BBFE-BBC9B23D977B}"
EndProject
Global
	GlobalSection(SolutionConfigurationPlatforms) = preSolution
		Debug|x64 = Debug|x64
		Debug|x86 = Debug|x86
		Release|x64 = Release|x64
		Release|x86 = Release|x86
	EndGlobalSection
	GlobalSection(ProjectConfigurationPlatforms) = postSolution
		{E216AFC4-8B34-4819-BBFE-BBC9B23D977B}.Debug|x64.ActiveCfg = Debug|x64
		{E216AFC4-8B34-4819-BBFE-BBC9B23D977B}.Debug|x64.Build.0 = Debug|x64
		{E216AFC4-8B34-4819-BBFE-BBC9B23D977B}.Debug|x86.ActiveCfg = Debug|Win32
		{E216AFC4-8B34-4819-BBFE-BBC9B23D977B}.Debug|x86.Build.0 = Debug|Win32
		{E216AFC4-8B34-4819-BBFE-BBC9B23D977B}.Release|x64.ActiveCfg = Release|x64
		{E216AFC4-8B34-4819-BBFE-BBC9B23D977B}.Release|x64.Build.0 = Release|x64
		{E216AFC4-8B34-4819-BBFE-BBC9B23D977B}.Release|x86.ActiveCfg = Release|Win32
		{E216AFC4-8B34-4819-BBFE-BBC9B23D977B}.Release|x86.Build.0 = Release|Win32
	EndGlobalSection
	GlobalSection(SolutionProperties) = preSolution
		HideSolutionNode = FALSE
	EndGlobalSection
	GlobalSection(ExtensibilityGlobals) = postSolution
		SolutionGuid = {DB72582E-4BD5-4723-AEEF-4042D88A8A81}
	EndGlobalSection
EndGlobal
